{
  "name": "sc-database",
  "version": "0.1.0",
  "lockfileVersion": 1,
  "requires": true,
  "dependencies": {
    "fuse.js": {
      "version": "6.5.3",
      "resolved": "https://registry.npmjs.org/fuse.js/-/fuse.js-6.5.3.tgz",
      "integrity": "sha512-sA5etGE7yD/pOqivZRBvUBd/NaL2sjAu6QuSaFoe1H2BrJSkH/T/UXAJ8CdXdw7DvY3Hs8CXKYkDWX7RiP5KOg=="
    },
    "typescript-rtti": {
      "version": "0.4.15",
      "resolved": "https://registry.npmjs.org/typescript-rtti/-/typescript-rtti-0.4.15.tgz",
      "integrity": "sha512-wzM0MDjXzX3bl1Dg8tpyh+SgyyLIi41zB3hFP5IoGnelR2qE2P3nnoPTYnFZpr9712ptq+K8I39FpBaO4XoBDw=="
    }
  }
}
